<?xml version="1.0" encoding="UTF-8" standalone="yes" ?>
<CodeBlocks_project_file>
	<FileVersion major="1" minor="6" />
	<Project>
		<Option title="anlibc" />
		<Option pch_mode="2" />
		<Option compiler="msvc8" />
		<Build>
			<Target title="Debug">
				<Option output="anlibcd.lib" prefix_auto="0" extension_auto="0" />
				<Option working_dir="" />
				<Option object_output=".\" />
				<Option type="2" />
				<Option compiler="msvc8" />
				<Option createDefFile="1" />
				<Compiler>
					<Add option="/Oi-" />
					<Add option="/GS-" />
					<Add option="/Zl" />
					<Add option="/FA" />
				</Compiler>
			</Target>
			<Target title="Release">
				<Option output="anlibc.lib" prefix_auto="0" extension_auto="0" />
				<Option working_dir="" />
				<Option object_output=".\" />
				<Option type="2" />
				<Option compiler="msvc8" />
				<Option createDefFile="1" />
				<Compiler>
					<Add option="/arch:SSE" />
					<Add option="/O2" />
					<Add option="/Oi-" />
					<Add option="/GS-" />
					<Add option="/Zl" />
					<Add option="/FA" />
				</Compiler>
				<Linker>
					<Add option="-s" />
				</Linker>
			</Target>
		</Build>
		<Unit filename="anlibc.h" />
		<Unit filename="include\assert.h" />
		<Unit filename="include\limits.h" />
		<Unit filename="include\stdarg.h" />
		<Unit filename="include\stddef.h" />
		<Unit filename="include\stdint.h" />
		<Unit filename="include\stdio.h" />
		<Unit filename="include\stdlib.h" />
		<Unit filename="include\string.h" />
		<Unit filename="io.c">
			<Option compilerVar="CC" />
		</Unit>
		<Unit filename="main.c">
			<Option compilerVar="CC" />
		</Unit>
		<Unit filename="malloc.c">
			<Option compilerVar="CC" />
		</Unit>
		<Unit filename="rand.c">
			<Option compilerVar="CC" />
		</Unit>
		<Unit filename="string.c">
			<Option compilerVar="CC" />
		</Unit>
		<Extensions>
			<code_completion />
			<debugger />
		</Extensions>
	</Project>
</CodeBlocks_project_file>
